# THIS IS AN AUTOGENERATED FILE. DO NOT EDIT THIS FILE DIRECTLY.
# yarn lockfile v1


"@types/echarts@^4.9.15":
  version "4.9.15"
  resolved "https://registry.npmmirror.com/@types/echarts/-/echarts-4.9.15.tgz#a3a5f577c2e747f8dc926dca788926493e6bebe1"
  integrity sha512-C+GhOl8jYjpZrPE9JPYgI8pH8+mIfsib2WoE5E+WpM2wRWZDQhaIy6ZZ1HhaZOT1h+QkrHvDVWUoGvXCzcb0rw==
  dependencies:
    "@types/zrender" "*"

"@types/zrender@*":
  version "4.0.2"
  resolved "https://registry.npmmirror.com/@types/zrender/-/zrender-4.0.2.tgz#da360c7ddb32311f11f38706c82fd88bcafdf661"
  integrity sha512-Y/3hGzYeFdJUD4yWV0a+jkk3kIjtrbjzxwqkAWRjXLGm6lpL2tckg3vgopkn9KKPK1QyzwGH+JSDvzbKJO59+Q==

base64-js@^1.3.1:
  version "1.5.1"
  resolved "https://registry.npmmirror.com/base64-js/-/base64-js-1.5.1.tgz#1b1b440160a5bf7ad40b650f095963481903930a"
  integrity sha512-AKpaYlHn8t4SVbOHCy+b5+KKgvR4vrsD8vbvrbiQJps7fKDTkjkDry6ji0rUJjC0kzbNePLwzxq8iypo41qeWA==

buffer@^6.0.3:
  version "6.0.3"
  resolved "https://registry.npmmirror.com/buffer/-/buffer-6.0.3.tgz#2ace578459cc8fbe2a70aaa8f52ee63b6a74c6c6"
  integrity sha512-FTiCpNxtwiZZHEZbcbTIcZjERVICn9yq/pDFkTl95/AxzD1naBctN7YO68riM/gLSDY7sdrMby8hofADYuuqOA==
  dependencies:
    base64-js "^1.3.1"
    ieee754 "^1.2.1"

echarts@^5.3.3:
  version "5.3.3"
  resolved "https://registry.npmmirror.com/echarts/-/echarts-5.3.3.tgz#df97b09c4c0e2ffcdfb44acf518d50c50e0b838e"
  integrity sha512-BRw2serInRwO5SIwRviZ6Xgm5Lb7irgz+sLiFMmy/HOaf4SQ+7oYqxKzRHAKp4xHQ05AuHw1xvoQWJjDQq/FGw==
  dependencies:
    tslib "2.3.0"
    zrender "5.3.2"

ieee754@^1.2.1:
  version "1.2.1"
  resolved "https://registry.npmmirror.com/ieee754/-/ieee754-1.2.1.tgz#8eb7a10a63fff25d15a57b001586d177d1b0d352"
  integrity sha512-dcyqhDvX1C46lXZcVqCpK+FtMRQVdIMN6/Df5js2zouUsqG7I6sFxitIC+7KYK29KdXOLHdu9zL4sFnoVQnqaA==

tslib@2.3.0:
  version "2.3.0"
  resolved "https://registry.npmmirror.com/tslib/-/tslib-2.3.0.tgz#803b8cdab3e12ba581a4ca41c8839bbb0dacb09e"
  integrity sha512-N82ooyxVNm6h1riLCoyS9e3fuJ3AMG2zIZs2Gd1ATcSFjSA23Q0fzjjZeh0jbJvWVDZ0cJT8yaNNaaXHzueNjg==

zrender@5.3.2:
  version "5.3.2"
  resolved "https://registry.npmmirror.com/zrender/-/zrender-5.3.2.tgz#f67b11d36d3d020d62411d3bb123eb1c93cccd69"
  integrity sha512-8IiYdfwHj2rx0UeIGZGGU4WEVSDEdeVCaIg/fomejg1Xu6OifAL1GVzIPHg2D+MyUkbNgPWji90t0a8IDk+39w==
  dependencies:
    tslib "2.3.0"
